
Microsoft Visual Studio Solution File, Format Version 12.00
Project("{FAE04EC0-301F-11D3-BF4B-00C04F79EFBC}") = "BookNook", "BookNook\BookNook.csproj", "{5CAD54F7-0BE2-41DE-99B6-6FB7F2BD3580}"
EndProject
Global
	GlobalSection(SolutionConfigurationPlatforms) = preSolution
		Debug|Any CPU = Debug|Any CPU
		Release|Any CPU = Release|Any CPU
	EndGlobalSection
	GlobalSection(ProjectConfigurationPlatforms) = postSolution
		{5CAD54F7-0BE2-41DE-99B6-6FB7F2BD3580}.Debug|Any CPU.ActiveCfg = Debug|Any CPU
		{5CAD54F7-0BE2-41DE-99B6-6FB7F2BD3580}.Debug|Any CPU.Build.0 = Debug|Any CPU
		{5CAD54F7-0BE2-41DE-99B6-6FB7F2BD3580}.Release|Any CPU.ActiveCfg = Release|Any CPU
		{5CAD54F7-0BE2-41DE-99B6-6FB7F2BD3580}.Release|Any CPU.Build.0 = Release|Any CPU
	EndGlobalSection
EndGlobal
